
Microsoft Visual Studio Solution File, Format Version 12.00
# Visual Studio Version 16
VisualStudioVersion = 16.0.30503.244
MinimumVisualStudioVersion = 10.0.40219.1
Project("{9A19103F-16F7-4668-BE54-9A1E7A4F7556}") = "PostService", "PostService\PostService.csproj", "{BC5E1268-3652-4D0C-A189-9F5FA9A34C89}"
EndProject
Project("{FAE04EC0-301F-11D3-BF4B-00C04F79EFBC}") = "UserService", "UserService\UserService.csproj", "{1F3242AF-E41A-4D45-AE8A-2A68D4A0C5FE}"
EndProject
Global
	GlobalSection(SolutionConfigurationPlatforms) = preSolution
		Debug|Any CPU = Debug|Any CPU
		Release|Any CPU = Release|Any CPU
	EndGlobalSection
	GlobalSection(ProjectConfigurationPlatforms) = postSolution
		{BC5E1268-3652-4D0C-A189-9F5FA9A34C89}.Debug|Any CPU.ActiveCfg = Debug|Any CPU
		{BC5E1268-3652-4D0C-A189-9F5FA9A34C89}.Debug|Any CPU.Build.0 = Debug|Any CPU
		{BC5E1268-3652-4D0C-A189-9F5FA9A34C89}.Release|Any CPU.ActiveCfg = Release|Any CPU
		{BC5E1268-3652-4D0C-A189-9F5FA9A34C89}.Release|Any CPU.Build.0 = Release|Any CPU
		{1F3242AF-E41A-4D45-AE8A-2A68D4A0C5FE}.Debug|Any CPU.ActiveCfg = Debug|Any CPU
		{1F3242AF-E41A-4D45-AE8A-2A68D4A0C5FE}.Debug|Any CPU.Build.0 = Debug|Any CPU
		{1F3242AF-E41A-4D45-AE8A-2A68D4A0C5FE}.Release|Any CPU.ActiveCfg = Release|Any CPU
		{1F3242AF-E41A-4D45-AE8A-2A68D4A0C5FE}.Release|Any CPU.Build.0 = Release|Any CPU
	EndGlobalSection
	GlobalSection(SolutionProperties) = preSolution
		HideSolutionNode = FALSE
	EndGlobalSection
	GlobalSection(ExtensibilityGlobals) = postSolution
		SolutionGuid = {9B121A69-E22A-4D09-9F20-7065F8C1CEED}
	EndGlobalSection
EndGlobal
